
Microsoft Visual Studio Solution File, Format Version 12.00
# Visual Studio Version 16
VisualStudioVersion = 16.0.31624.102
MinimumVisualStudioVersion = 10.0.40219.1
Project("{FAE04EC0-301F-11D3-BF4B-00C04F79EFBC}") = "meria", "meria\meria.csproj", "{B41DDD28-B3CA-4157-B30A-A12D6205564C}"
EndProject
Global
	GlobalSection(SolutionConfigurationPlatforms) = preSolution
		Debug|Any CPU = Debug|Any CPU
		Release|Any CPU = Release|Any CPU
	EndGlobalSection
	GlobalSection(ProjectConfigurationPlatforms) = postSolution
		{B41DDD28-B3CA-4157-B30A-A12D6205564C}.Debug|Any CPU.ActiveCfg = Debug|Any CPU
		{B41DDD28-B3CA-4157-B30A-A12D6205564C}.Debug|Any CPU.Build.0 = Debug|Any CPU
		{B41DDD28-B3CA-4157-B30A-A12D6205564C}.Release|Any CPU.ActiveCfg = Release|Any CPU
		{B41DDD28-B3CA-4157-B30A-A12D6205564C}.Release|Any CPU.Build.0 = Release|Any CPU
	EndGlobalSection
	GlobalSection(SolutionProperties) = preSolution
		HideSolutionNode = FALSE
	EndGlobalSection
	GlobalSection(ExtensibilityGlobals) = postSolution
		SolutionGuid = {A1BCC106-30B3-41DE-ADAD-61C97CCD946B}
	EndGlobalSection
EndGlobal
